PODS:
  - ALXUtil (0.1.3):
    - ALXUtil/ALXUtil-UIImage (= 0.1.3)
    - ALXUtil/ALXUtil-UIView (= 0.1.3)
  - ALXUtil/ALXUtil-UIImage (0.1.3)
  - ALXUtil/ALXUtil-UIView (0.1.3)

DEPENDENCIES:
  - ALXUtil (from `../`)

EXTERNAL SOURCES:
  ALXUtil:
    :path: "../"

SPEC CHECKSUMS:
  ALXUtil: 0d9568cec38a211834644ab18f73bbb88b6446da

PODFILE CHECKSUM: eed14df5a457b5a2a44783f32d09f5df1e8a5de3

COCOAPODS: 1.5.3
